<?xml version="1.0" encoding="utf-8"?>
<Project ToolsVersion="4.0" xmlns="http://schemas.microsoft.com/developer/msbuild/2003">
  <ItemGroup>
    <Filter Include="src">
      <UniqueIdentifier>{55cbd3bc-bc1d-4cc5-9baf-94897b4879c4}</UniqueIdentifier>
    </Filter>
    <Filter Include="src\defs">
      <UniqueIdentifier>{a0fd0522-e819-40a9-927b-c8be360d6db8}</UniqueIdentifier>
    </Filter>
    <Filter Include="src\helper">
      <UniqueIdentifier>{03db23b4-e1a9-4d90-8a85-d170dfd1da62}</UniqueIdentifier>
    </Filter>
    <Filter Include="src\bitwise">
      <UniqueIdentifier>{bd19e0e8-127d-4e37-9449-a6d70fd84326}</UniqueIdentifier>
    </Filter>
    <Filter Include="src\board">
      <UniqueIdentifier>{96d2f7b1-1f6e-4d79-93b1-2483b8962802}</UniqueIdentifier>
    </Filter>
    <Filter Include="src\perft">
      <UniqueIdentifier>{d1dc796f-fc52-48e3-80d4-6eadfd17dc0d}</UniqueIdentifier>
    </Filter>
    <Filter Include="src\search">
      <UniqueIdentifier>{3bdf0ab6-3a1a-4e39-8cd4-c5f1eadb5539}</UniqueIdentifier>
    </Filter>
    <Filter Include="src\search\negamax">
      <UniqueIdentifier>{3c4edfba-2bb6-4722-a03f-3a0b283c62f7}</UniqueIdentifier>
    </Filter>
    <Filter Include="src\search\pts">
      <UniqueIdentifier>{f46845bc-7ed2-4c3f-adf1-ecf34b9fb453}</UniqueIdentifier>
    </Filter>
  </ItemGroup>
  <ItemGroup>
    <ClCompile Include="src\main.cpp">
      <Filter>src</Filter>
    </ClCompile>
    <ClCompile Include="src\helper\helper.cpp">
      <Filter>src\helper</Filter>
    </ClCompile>
    <ClCompile Include="src\bitwise\bitwise.cpp">
      <Filter>src\bitwise</Filter>
    </ClCompile>
    <ClCompile Include="src\board\board.cpp">
      <Filter>src\board</Filter>
    </ClCompile>
    <ClCompile Include="src\perft\perft.cpp">
      <Filter>src\perft</Filter>
    </ClCompile>
    <ClCompile Include="src\search\negamax\negamax.cpp">
      <Filter>src\search\negamax</Filter>
    </ClCompile>
    <ClCompile Include="src\search\search.cpp">
      <Filter>src\search</Filter>
    </ClCompile>
    <ClCompile Include="src\search\pts\pts.cpp">
      <Filter>src\search\pts</Filter>
    </ClCompile>
  </ItemGroup>
  <ItemGroup>
    <ClInclude Include="src\defs\definitions.h">
      <Filter>src\defs</Filter>
    </ClInclude>
    <ClInclude Include="src\helper\helper.h">
      <Filter>src\helper</Filter>
    </ClInclude>
    <ClInclude Include="src\bitwise\bitwise.h">
      <Filter>src\bitwise</Filter>
    </ClInclude>
    <ClInclude Include="src\board\board.h">
      <Filter>src\board</Filter>
    </ClInclude>
    <ClInclude Include="src\perft\perft.h">
      <Filter>src\perft</Filter>
    </ClInclude>
    <ClInclude Include="src\search\negamax\negamax.h">
      <Filter>src\search\negamax</Filter>
    </ClInclude>
    <ClInclude Include="src\search\search.h">
      <Filter>src\search</Filter>
    </ClInclude>
    <ClInclude Include="src\search\pts\pts.h">
      <Filter>src\search\pts</Filter>
    </ClInclude>
  </ItemGroup>
</Project>